// !$*UTF8*$!
{
	archiveVersion = 1;
	classes = {
	};
	objectVersion = 55;
	objects = {

/* Begin PBXBuildFile section */
		A811BEFC2955844600E16681 /* Data_PassingApp.swift in Sources */ = {isa = PBXBuildFile; fileRef = A811BEFB2955844600E16681 /* Data_PassingApp.swift */; };
		A811BEFE2955844600E16681 /* ContentView.swift in Sources */ = {isa = PBXBuildFile; fileRef = A811BEFD2955844600E16681 /* ContentView.swift */; };
		A811BF002955844800E16681 /* Assets.xcassets in Resources */ = {isa = PBXBuildFile; fileRef = A811BEFF2955844800E16681 /* Assets.xcassets */; };
		A811BF032955844800E16681 /* Preview Assets.xcassets in Resources */ = {isa = PBXBuildFile; fileRef = A811BF022955844800E16681 /* Preview Assets.xcassets */; };
		A811BF0D2955844800E16681 /* Data_PassingTests.swift in Sources */ = {isa = PBXBuildFile; fileRef = A811BF0C2955844800E16681 /* Data_PassingTests.swift */; };
		A811BF172955844900E16681 /* Data_PassingUITests.swift in Sources */ = {isa = PBXBuildFile; fileRef = A811BF162955844900E16681 /* Data_PassingUITests.swift */; };
		A811BF192955844900E16681 /* Data_PassingUITestsLaunchTests.swift in Sources */ = {isa = PBXBuildFile; fileRef = A811BF182955844900E16681 /* Data_PassingUITestsLaunchTests.swift */; };
		A811BF262955865000E16681 /* SecondView.swift in Sources */ = {isa = PBXBuildFile; fileRef = A811BF252955865000E16681 /* SecondView.swift */; };
/* End PBXBuildFile section */

/* Begin PBXContainerItemProxy section */
		A811BF092955844800E16681 /* PBXContainerItemProxy */ = {
			isa = PBXContainerItemProxy;
			containerPortal = A811BEF02955844600E16681 /* Project object */;
			proxyType = 1;
			remoteGlobalIDString = A811BEF72955844600E16681;
			remoteInfo = "Data Passing";
		};
		A811BF132955844900E16681 /* PBXContainerItemProxy */ = {
			isa = PBXContainerItemProxy;
			containerPortal = A811BEF02955844600E16681 /* Project object */;
			proxyType = 1;
			remoteGlobalIDString = A811BEF72955844600E16681;
			remoteInfo = "Data Passing";
		};
/* End PBXContainerItemProxy section */

/* Begin PBXFileReference section */
		A811BEF82955844600E16681 /* Data Passing.app */ = {isa = PBXFileReference; explicitFileType = wrapper.application; includeInIndex = 0; path = "Data Passing.app"; sourceTree = BUILT_PRODUCTS_DIR; };
		A811BEFB2955844600E16681 /* Data_PassingApp.swift */ = {isa = PBXFileReference; lastKnownFileType = sourcecode.swift; path = Data_PassingApp.swift; sourceTree = "<group>"; };
		A811BEFD2955844600E16681 /* ContentView.swift */ = {isa = PBXFileReference; lastKnownFileType = sourcecode.swift; path = ContentView.swift; sourceTree = "<group>"; };
		A811BEFF2955844800E16681 /* Assets.xcassets */ = {isa = PBXFileReference; lastKnownFileType = folder.assetcatalog; path = Assets.xcassets; sourceTree = "<group>"; };
		A811BF022955844800E16681 /* Preview Assets.xcassets */ = {isa = PBXFileReference; lastKnownFileType = folder.assetcatalog; path = "Preview Assets.xcassets"; sourceTree = "<group>"; };
		A811BF082955844800E16681 /* Data PassingTests.xctest */ = {isa = PBXFileReference; explicitFileType = wrapper.cfbundle; includeInIndex = 0; path = "Data PassingTests.xctest"; sourceTree = BUILT_PRODUCTS_DIR; };
		A811BF0C2955844800E16681 /* Data_PassingTests.swift */ = {isa = PBXFileReference; lastKnownFileType = sourcecode.swift; path = Data_PassingTests.swift; sourceTree = "<group>"; };
		A811BF122955844900E16681 /* Data PassingUITests.xctest */ = {isa = PBXFileReference; explicitFileType = wrapper.cfbundle; includeInIndex = 0; path = "Data PassingUITests.xctest"; sourceTree = BUILT_PRODUCTS_DIR; };
		A811BF162955844900E16681 /* Data_PassingUITests.swift */ = {isa = PBXFileReference; lastKnownFileType = sourcecode.swift; path = Data_PassingUITests.swift; sourceTree = "<group>"; };
		A811BF182955844900E16681 /* Data_PassingUITestsLaunchTests.swift */ = {isa = PBXFileReference; lastKnownFileType = sourcecode.swift; path = Data_PassingUITestsLaunchTests.swift; sourceTree = "<group>"; };
		A811BF252955865000E16681 /* SecondView.swift */ = {isa = PBXFileReference; lastKnownFileType = sourcecode.swift; path = SecondView.swift; sourceTree = "<group>"; };
/* End PBXFileReference section */

/* Begin PBXFrameworksBuildPhase section */
		A811BEF52955844600E16681 /* Frameworks */ = {
			isa = PBXFrameworksBuildPhase;
			buildActionMask = 2147483647;
			files = (
			);
			runOnlyForDeploymentPostprocessing = 0;
		};
		A811BF052955844800E16681 /* Frameworks */ = {
			isa = PBXFrameworksBuildPhase;
			buildActionMask = 2147483647;
			files = (
			);
			runOnlyForDeploymentPostprocessing = 0;
		};
		A811BF0F2955844900E16681 /* Frameworks */ = {
			isa = PBXFrameworksBuildPhase;
			buildActionMask = 2147483647;
			files = (
			);
			runOnlyForDeploymentPostprocessing = 0;
		};
/* End PBXFrameworksBuildPhase section */

/* Begin PBXGroup section */
		A811BEEF2955844600E16681 = {
			isa = PBXGroup;
			children = (
				A811BEFA2955844600E16681 /* Data Passing */,
				A811BF0B2955844800E16681 /* Data PassingTests */,
				A811BF152955844900E16681 /* Data PassingUITests */,
				A811BEF92955844600E16681 /* Products */,
			);
			sourceTree = "<group>";
		};
		A811BEF92955844600E16681 /* Products */ = {
			isa = PBXGroup;
			children = (
				A811BEF82955844600E16681 /* Data Passing.app */,
				A811BF082955844800E16681 /* Data PassingTests.xctest */,
				A811BF122955844900E16681 /* Data PassingUITests.xctest */,
			);
			name = Products;
			sourceTree = "<group>";
		};
		A811BEFA2955844600E16681 /* Data Passing */ = {
			isa = PBXGroup;
			children = (
				A811BEFB2955844600E16681 /* Data_PassingApp.swift */,
				A811BEFD2955844600E16681 /* ContentView.swift */,
				A811BEFF2955844800E16681 /* Assets.xcassets */,
				A811BF012955844800E16681 /* Preview Content */,
				A811BF252955865000E16681 /* SecondView.swift */,
			);
			path = "Data Passing";
			sourceTree = "<group>";
		};
		A811BF012955844800E16681 /* Preview Content */ = {
			isa = PBXGroup;
			children = (
				A811BF022955844800E16681 /* Preview Assets.xcassets */,
			);
			path = "Preview Content";
			sourceTree = "<group>";
		};
		A811BF0B2955844800E16681 /* Data PassingTests */ = {
			isa = PBXGroup;
			children = (
				A811BF0C2955844800E16681 /* Data_PassingTests.swift */,
			);
			path = "Data PassingTests";
			sourceTree = "<group>";
		};
		A811BF152955844900E16681 /* Data PassingUITests */ = {
			isa = PBXGroup;
			children = (
				A811BF162955844900E16681 /* Data_PassingUITests.swift */,
				A811BF182955844900E16681 /* Data_PassingUITestsLaunchTests.swift */,
			);
			path = "Data PassingUITests";
			sourceTree = "<group>";
		};
/* End PBXGroup section */

/* Begin PBXNativeTarget section */
		A811BEF72955844600E16681 /* Data Passing */ = {
			isa = PBXNativeTarget;
			buildConfigurationList = A811BF1C2955844900E16681 /* Build configuration list for PBXNativeTarget "Data Passing" */;
			buildPhases = (
				A811BEF42955844600E16681 /* Sources */,
				A811BEF52955844600E16681 /* Frameworks */,
				A811BEF62955844600E16681 /* Resources */,
			);
			buildRules = (
			);
			dependencies = (
			);
			name = "Data Passing";
			productName = "Data Passing";
			productReference = A811BEF82955844600E16681 /* Data Passing.app */;
			productType = "com.apple.product-type.application";
		};
		A811BF072955844800E16681 /* Data PassingTests */ = {
			isa = PBXNativeTarget;
			buildConfigurationList = A811BF1F2955844900E16681 /* Build configuration list for PBXNativeTarget "Data PassingTests" */;
			buildPhases = (
				A811BF042955844800E16681 /* Sources */,
				A811BF052955844800E16681 /* Frameworks */,
				A811BF062955844800E16681 /* Resources */,
			);
			buildRules = (
			);
			dependencies = (
				A811BF0A2955844800E16681 /* PBXTargetDependency */,
			);
			name = "Data PassingTests";
			productName = "Data PassingTests";
			productReference = A811BF082955844800E16681 /* Data PassingTests.xctest */;
			productType = "com.apple.product-type.bundle.unit-test";
		};
		A811BF112955844900E16681 /* Data PassingUITests */ = {
			isa = PBXNativeTarget;
			buildConfigurationList = A811BF222955844900E16681 /* Build configuration list for PBXNativeTarget "Data PassingUITests" */;
			buildPhases = (
				A811BF0E2955844900E16681 /* Sources */,
				A811BF0F2955844900E16681 /* Frameworks */,
				A811BF102955844900E16681 /* Resources */,
			);
			buildRules = (
			);
			dependencies = (
				A811BF142955844900E16681 /* PBXTargetDependency */,
			);
			name = "Data PassingUITests";
			productName = "Data PassingUITests";
			productReference = A811BF122955844900E16681 /* Data PassingUITests.xctest */;
			productType = "com.apple.product-type.bundle.ui-testing";
		};
/* End PBXNativeTarget section */

/* Begin PBXProject section */
		A811BEF02955844600E16681 /* Project object */ = {
			isa = PBXProject;
			attributes = {
				BuildIndependentTargetsInParallel = 1;
				LastSwiftUpdateCheck = 1340;
				LastUpgradeCheck = 1340;
				TargetAttributes = {
					A811BEF72955844600E16681 = {
						CreatedOnToolsVersion = 13.4.1;
					};
					A811BF072955844800E16681 = {
						CreatedOnToolsVersion = 13.4.1;
						TestTargetID = A811BEF72955844600E16681;
					};
					A811BF112955844900E16681 = {
						CreatedOnToolsVersion = 13.4.1;
						TestTargetID = A811BEF72955844600E16681;
					};
				};
			};
			buildConfigurationList = A811BEF32955844600E16681 /* Build configuration list for PBXProject "Data Passing" */;
			compatibilityVersion = "Xcode 13.0";
			developmentRegion = en;
			hasScannedForEncodings = 0;
			knownRegions = (
				en,
				Base,
			);
			mainGroup = A811BEEF2955844600E16681;
			productRefGroup = A811BEF92955844600E16681 /* Products */;
			projectDirPath = "";
			projectRoot = "";
			targets = (
				A811BEF72955844600E16681 /* Data Passing */,
				A811BF072955844800E16681 /* Data PassingTests */,
				A811BF112955844900E16681 /* Data PassingUITests */,
			);
		};
/* End PBXProject section */

/* Begin PBXResourcesBuildPhase section */
		A811BEF62955844600E16681 /* Resources */ = {
			isa = PBXResourcesBuildPhase;
			buildActionMask = 2147483647;
			files = (
				A811BF032955844800E16681 /* Preview Assets.xcassets in Resources */,
				A811BF002955844800E16681 /* Assets.xcassets in Resources */,
			);
			runOnlyForDeploymentPostprocessing = 0;
		};
		A811BF062955844800E16681 /* Resources */ = {
			isa = PBXResourcesBuildPhase;
			buildActionMask = 2147483647;
			files = (
			);
			runOnlyForDeploymentPostprocessing = 0;
		};
		A811BF102955844900E16681 /* Resources */ = {
			isa = PBXResourcesBuildPhase;
			buildActionMask = 2147483647;
			files = (
			);
			runOnlyForDeploymentPostprocessing = 0;
		};
/* End PBXResourcesBuildPhase section */

/* Begin PBXSourcesBuildPhase section */
		A811BEF42955844600E16681 /* Sources */ = {
			isa = PBXSourcesBuildPhase;
			buildActionMask = 2147483647;
			files = (
				A811BF262955865000E16681 /* SecondView.swift in Sources */,
				A811BEFE2955844600E16681 /* ContentView.swift in Sources */,
				A811BEFC2955844600E16681 /* Data_PassingApp.swift in Sources */,
			);
			runOnlyForDeploymentPostprocessing = 0;
		};
		A811BF042955844800E16681 /* Sources */ = {
			isa = PBXSourcesBuildPhase;
			buildActionMask = 2147483647;
			files = (
				A811BF0D2955844800E16681 /* Data_PassingTests.swift in Sources */,
			);
			runOnlyForDeploymentPostprocessing = 0;
		};
		A811BF0E2955844900E16681 /* Sources */ = {
			isa = PBXSourcesBuildPhase;
			buildActionMask = 2147483647;
			files = (
				A811BF192955844900E16681 /* Data_PassingUITestsLaunchTests.swift in Sources */,
				A811BF172955844900E16681 /* Data_PassingUITests.swift in Sources */,
			);
			runOnlyForDeploymentPostprocessing = 0;
		};
/* End PBXSourcesBuildPhase section */

/* Begin PBXTargetDependency section */
		A811BF0A2955844800E16681 /* PBXTargetDependency */ = {
			isa = PBXTargetDependency;
			target = A811BEF72955844600E16681 /* Data Passing */;
			targetProxy = A811BF092955844800E16681 /* PBXContainerItemProxy */;
		};
		A811BF142955844900E16681 /* PBXTargetDependency */ = {
			isa = PBXTargetDependency;
			target = A811BEF72955844600E16681 /* Data Passing */;
			targetProxy = A811BF132955844900E16681 /* PBXContainerItemProxy */;
		};
/* End PBXTargetDependency section */

/* Begin XCBuildConfiguration section */
		A811BF1A2955844900E16681 /* Debug */ = {
			isa = XCBuildConfiguration;
			buildSettings = {
				ALWAYS_SEARCH_USER_PATHS = NO;
				CLANG_ANALYZER_NONNULL = YES;
				CLANG_ANALYZER_NUMBER_OBJECT_CONVERSION = YES_AGGRESSIVE;
				CLANG_CXX_LANGUAGE_STANDARD = "gnu++17";
				CLANG_ENABLE_MODULES = YES;
				CLANG_ENABLE_OBJC_ARC = YES;
				CLANG_ENABLE_OBJC_WEAK = YES;
				CLANG_WARN_BLOCK_CAPTURE_AUTORELEASING = YES;
				CLANG_WARN_BOOL_CONVERSION = YES;
				CLANG_WARN_COMMA = YES;
				CLANG_WARN_CONSTANT_CONVERSION = YES;
				CLANG_WARN_DEPRECATED_OBJC_IMPLEMENTATIONS = YES;
				CLANG_WARN_DIRECT_OBJC_ISA_USAGE = YES_ERROR;
				CLANG_WARN_DOCUMENTATION_COMMENTS = YES;
				CLANG_WARN_EMPTY_BODY = YES;
				CLANG_WARN_ENUM_CONVERSION = YES;
				CLANG_WARN_INFINITE_RECURSION = YES;
				CLANG_WARN_INT_CONVERSION = YES;
				CLANG_WARN_NON_LITERAL_NULL_CONVERSION = YES;
				CLANG_WARN_OBJC_IMPLICIT_RETAIN_SELF = YES;
				CLANG_WARN_OBJC_LITERAL_CONVERSION = YES;
				CLANG_WARN_OBJC_ROOT_CLASS = YES_ERROR;
				CLANG_WARN_QUOTED_INCLUDE_IN_FRAMEWORK_HEADER = YES;
				CLANG_WARN_RANGE_LOOP_ANALYSIS = YES;
				CLANG_WARN_STRICT_PROTOTYPES = YES;
				CLANG_WARN_SUSPICIOUS_MOVE = YES;
				CLANG_WARN_UNGUARDED_AVAILABILITY = YES_AGGRESSIVE;
				CLANG_WARN_UNREACHABLE_CODE = YES;
				CLANG_WARN__DUPLICATE_METHOD_MATCH = YES;
				COPY_PHASE_STRIP = NO;
				DEBUG_INFORMATION_FORMAT = dwarf;
				ENABLE_STRICT_OBJC_MSGSEND = YES;
				ENABLE_TESTABILITY = YES;
				GCC_C_LANGUAGE_STANDARD = gnu11;
				GCC_DYNAMIC_NO_PIC = NO;
				GCC_NO_COMMON_BLOCKS = YES;
				GCC_OPTIMIZATION_LEVEL = 0;
				GCC_PREPROCESSOR_DEFINITIONS = (
					"DEBUG=1",
					"$(inherited)",
				);
				GCC_WARN_64_TO_32_BIT_CONVERSION = YES;
				GCC_WARN_ABOUT_RETURN_TYPE = YES_ERROR;
				GCC_WARN_UNDECLARED_SELECTOR = YES;
				GCC_WARN_UNINITIALIZED_AUTOS = YES_AGGRESSIVE;
				GCC_WARN_UNUSED_FUNCTION = YES;
				GCC_WARN_UNUSED_VARIABLE = YES;
				IPHONEOS_DEPLOYMENT_TARGET = 15.5;
				MTL_ENABLE_DEBUG_INFO = INCLUDE_SOURCE;
				MTL_FAST_MATH = YES;
				ONLY_ACTIVE_ARCH = YES;
				SDKROOT = iphoneos;
				SWIFT_ACTIVE_COMPILATION_CONDITIONS = DEBUG;
				SWIFT_OPTIMIZATION_LEVEL = "-Onone";
			};
			name = Debug;
		};
		A811BF1B2955844900E16681 /* Release */ = {
			isa = XCBuildConfiguration;
			buildSettings = {
				ALWAYS_SEARCH_USER_PATHS = NO;
				CLANG_ANALYZER_NONNULL = YES;
				CLANG_ANALYZER_NUMBER_OBJECT_CONVERSION = YES_AGGRESSIVE;
				CLANG_CXX_LANGUAGE_STANDARD = "gnu++17";
				CLANG_ENABLE_MODULES = YES;
				CLANG_ENABLE_OBJC_ARC = YES;
				CLANG_ENABLE_OBJC_WEAK = YES;
				CLANG_WARN_BLOCK_CAPTURE_AUTORELEASING = YES;
				CLANG_WARN_BOOL_CONVERSION = YES;
				CLANG_WARN_COMMA = YES;
				CLANG_WARN_CONSTANT_CONVERSION = YES;
				CLANG_WARN_DEPRECATED_OBJC_IMPLEMENTATIONS = YES;
				CLANG_WARN_DIRECT_OBJC_ISA_USAGE = YES_ERROR;
				CLANG_WARN_DOCUMENTATION_COMMENTS = YES;
				CLANG_WARN_EMPTY_BODY = YES;
				CLANG_WARN_ENUM_CONVERSION = YES;
				CLANG_WARN_INFINITE_RECURSION = YES;
				CLANG_WARN_INT_CONVERSION = YES;
				CLANG_WARN_NON_LITERAL_NULL_CONVERSION = YES;
				CLANG_WARN_OBJC_IMPLICIT_RETAIN_SELF = YES;
				CLANG_WARN_OBJC_LITERAL_CONVERSION = YES;
				CLANG_WARN_OBJC_ROOT_CLASS = YES_ERROR;
				CLANG_WARN_QUOTED_INCLUDE_IN_FRAMEWORK_HEADER = YES;
				CLANG_WARN_RANGE_LOOP_ANALYSIS = YES;
				CLANG_WARN_STRICT_PROTOTYPES = YES;
				CLANG_WARN_SUSPICIOUS_MOVE = YES;
				CLANG_WARN_UNGUARDED_AVAILABILITY = YES_AGGRESSIVE;
				CLANG_WARN_UNREACHABLE_CODE = YES;
				CLANG_WARN__DUPLICATE_METHOD_MATCH = YES;
				COPY_PHASE_STRIP = NO;
				DEBUG_INFORMATION_FORMAT = "dwarf-with-dsym";
				ENABLE_NS_ASSERTIONS = NO;
				ENABLE_STRICT_OBJC_MSGSEND = YES;
				GCC_C_LANGUAGE_STANDARD = gnu11;
				GCC_NO_COMMON_BLOCKS = YES;
				GCC_WARN_64_TO_32_BIT_CONVERSION = YES;
				GCC_WARN_ABOUT_RETURN_TYPE = YES_ERROR;
				GCC_WARN_UNDECLARED_SELECTOR = YES;
				GCC_WARN_UNINITIALIZED_AUTOS = YES_AGGRESSIVE;
				GCC_WARN_UNUSED_FUNCTION = YES;
				GCC_WARN_UNUSED_VARIABLE = YES;
				IPHONEOS_DEPLOYMENT_TARGET = 15.5;
				MTL_ENABLE_DEBUG_INFO = NO;
				MTL_FAST_MATH = YES;
				SDKROOT = iphoneos;
				SWIFT_COMPILATION_MODE = wholemodule;
				SWIFT_OPTIMIZATION_LEVEL = "-O";
				VALIDATE_PRODUCT = YES;
			};
			name = Release;
		};
		A811BF1D2955844900E16681 /* Debug */ = {
			isa = XCBuildConfiguration;
			buildSettings = {
				ASSETCATALOG_COMPILER_APPICON_NAME = AppIcon;
				ASSETCATALOG_COMPILER_GLOBAL_ACCENT_COLOR_NAME = AccentColor;
				CODE_SIGN_STYLE = Automatic;
				CURRENT_PROJECT_VERSION = 1;
				DEVELOPMENT_ASSET_PATHS = "\"Data Passing/Preview Content\"";
				ENABLE_PREVIEWS = YES;
				GENERATE_INFOPLIST_FILE = YES;
				INFOPLIST_KEY_UIApplicationSceneManifest_Generation = YES;
				INFOPLIST_KEY_UIApplicationSupportsIndirectInputEvents = YES;
				INFOPLIST_KEY_UILaunchScreen_Generation = YES;
				INFOPLIST_KEY_UISupportedInterfaceOrientations_iPad = "UIInterfaceOrientationPortrait UIInterfaceOrientationPortraitUpsideDown UIInterfaceOrientationLandscapeLeft UIInterfaceOrientationLandscapeRight";
				INFOPLIST_KEY_UISupportedInterfaceOrientations_iPhone = "UIInterfaceOrientationPortrait UIInterfaceOrientationLandscapeLeft UIInterfaceOrientationLandscapeRight";
				LD_RUNPATH_SEARCH_PATHS = (
					"$(inherited)",
					"@executable_path/Frameworks",
				);
				MARKETING_VERSION = 1.0;
				PRODUCT_BUNDLE_IDENTIFIER = "nimapinfotech.Data-Passing";
				PRODUCT_NAME = "$(TARGET_NAME)";
				SWIFT_EMIT_LOC_STRINGS = YES;
				SWIFT_VERSION = 5.0;
				TARGETED_DEVICE_FAMILY = "1,2";
			};
			name = Debug;
		};
		A811BF1E2955844900E16681 /* Release */ = {
			isa = XCBuildConfiguration;
			buildSettings = {
				ASSETCATALOG_COMPILER_APPICON_NAME = AppIcon;
				ASSETCATALOG_COMPILER_GLOBAL_ACCENT_COLOR_NAME = AccentColor;
				CODE_SIGN_STYLE = Automatic;
				CURRENT_PROJECT_VERSION = 1;
				DEVELOPMENT_ASSET_PATHS = "\"Data Passing/Preview Content\"";
				ENABLE_PREVIEWS = YES;
				GENERATE_INFOPLIST_FILE = YES;
				INFOPLIST_KEY_UIApplicationSceneManifest_Generation = YES;
				INFOPLIST_KEY_UIApplicationSupportsIndirectInputEvents = YES;
				INFOPLIST_KEY_UILaunchScreen_Generation = YES;
				INFOPLIST_KEY_UISupportedInterfaceOrientations_iPad = "UIInterfaceOrientationPortrait UIInterfaceOrientationPortraitUpsideDown UIInterfaceOrientationLandscapeLeft UIInterfaceOrientationLandscapeRight";
				INFOPLIST_KEY_UISupportedInterfaceOrientations_iPhone = "UIInterfaceOrientationPortrait UIInterfaceOrientationLandscapeLeft UIInterfaceOrientationLandscapeRight";
				LD_RUNPATH_SEARCH_PATHS = (
					"$(inherited)",
					"@executable_path/Frameworks",
				);
				MARKETING_VERSION = 1.0;
				PRODUCT_BUNDLE_IDENTIFIER = "nimapinfotech.Data-Passing";
				PRODUCT_NAME = "$(TARGET_NAME)";
				SWIFT_EMIT_LOC_STRINGS = YES;
				SWIFT_VERSION = 5.0;
				TARGETED_DEVICE_FAMILY = "1,2";
			};
			name = Release;
		};
		A811BF202955844900E16681 /* Debug */ = {
			isa = XCBuildConfiguration;
			buildSettings = {
				ALWAYS_EMBED_SWIFT_STANDARD_LIBRARIES = YES;
				BUNDLE_LOADER = "$(TEST_HOST)";
				CODE_SIGN_STYLE = Automatic;
				CURRENT_PROJECT_VERSION = 1;
				GENERATE_INFOPLIST_FILE = YES;
				IPHONEOS_DEPLOYMENT_TARGET = 15.5;
				MARKETING_VERSION = 1.0;
				PRODUCT_BUNDLE_IDENTIFIER = "nimapinfotech.Data-PassingTests";
				PRODUCT_NAME = "$(TARGET_NAME)";
				SWIFT_EMIT_LOC_STRINGS = NO;
				SWIFT_VERSION = 5.0;
				TARGETED_DEVICE_FAMILY = "1,2";
				TEST_HOST = "$(BUILT_PRODUCTS_DIR)/Data Passing.app/Data Passing";
			};
			name = Debug;
		};
		A811BF212955844900E16681 /* Release */ = {
			isa = XCBuildConfiguration;
			buildSettings = {
				ALWAYS_EMBED_SWIFT_STANDARD_LIBRARIES = YES;
				BUNDLE_LOADER = "$(TEST_HOST)";
				CODE_SIGN_STYLE = Automatic;
				CURRENT_PROJECT_VERSION = 1;
				GENERATE_INFOPLIST_FILE = YES;
				IPHONEOS_DEPLOYMENT_TARGET = 15.5;
				MARKETING_VERSION = 1.0;
				PRODUCT_BUNDLE_IDENTIFIER = "nimapinfotech.Data-PassingTests";
				PRODUCT_NAME = "$(TARGET_NAME)";
				SWIFT_EMIT_LOC_STRINGS = NO;
				SWIFT_VERSION = 5.0;
				TARGETED_DEVICE_FAMILY = "1,2";
				TEST_HOST = "$(BUILT_PRODUCTS_DIR)/Data Passing.app/Data Passing";
			};
			name = Release;
		};
		A811BF232955844900E16681 /* Debug */ = {
			isa = XCBuildConfiguration;
			buildSettings = {
				ALWAYS_EMBED_SWIFT_STANDARD_LIBRARIES = YES;
				CODE_SIGN_STYLE = Automatic;
				CURRENT_PROJECT_VERSION = 1;
				GENERATE_INFOPLIST_FILE = YES;
				MARKETING_VERSION = 1.0;
				PRODUCT_BUNDLE_IDENTIFIER = "nimapinfotech.Data-PassingUITests";
				PRODUCT_NAME = "$(TARGET_NAME)";
				SWIFT_EMIT_LOC_STRINGS = NO;
				SWIFT_VERSION = 5.0;
				TARGETED_DEVICE_FAMILY = "1,2";
				TEST_TARGET_NAME = "Data Passing";
			};
			name = Debug;
		};
		A811BF242955844900E16681 /* Release */ = {
			isa = XCBuildConfiguration;
			buildSettings = {
				ALWAYS_EMBED_SWIFT_STANDARD_LIBRARIES = YES;
				CODE_SIGN_STYLE = Automatic;
				CURRENT_PROJECT_VERSION = 1;
				GENERATE_INFOPLIST_FILE = YES;
				MARKETING_VERSION = 1.0;
				PRODUCT_BUNDLE_IDENTIFIER = "nimapinfotech.Data-PassingUITests";
				PRODUCT_NAME = "$(TARGET_NAME)";
				SWIFT_EMIT_LOC_STRINGS = NO;
				SWIFT_VERSION = 5.0;
				TARGETED_DEVICE_FAMILY = "1,2";
				TEST_TARGET_NAME = "Data Passing";
			};
			name = Release;
		};
/* End XCBuildConfiguration section */

/* Begin XCConfigurationList section */
		A811BEF32955844600E16681 /* Build configuration list for PBXProject "Data Passing" */ = {
			isa = XCConfigurationList;
			buildConfigurations = (
				A811BF1A2955844900E16681 /* Debug */,
				A811BF1B2955844900E16681 /* Release */,
			);
			defaultConfigurationIsVisible = 0;
			defaultConfigurationName = Release;
		};
		A811BF1C2955844900E16681 /* Build configuration list for PBXNativeTarget "Data Passing" */ = {
			isa = XCConfigurationList;
			buildConfigurations = (
				A811BF1D2955844900E16681 /* Debug */,
				A811BF1E2955844900E16681 /* Release */,
			);
			defaultConfigurationIsVisible = 0;
			defaultConfigurationName = Release;
		};
		A811BF1F2955844900E16681 /* Build configuration list for PBXNativeTarget "Data PassingTests" */ = {
			isa = XCConfigurationList;
			buildConfigurations = (
				A811BF202955844900E16681 /* Debug */,
				A811BF212955844900E16681 /* Release */,
			);
			defaultConfigurationIsVisible = 0;
			defaultConfigurationName = Release;
		};
		A811BF222955844900E16681 /* Build configuration list for PBXNativeTarget "Data PassingUITests" */ = {
			isa = XCConfigurationList;
			buildConfigurations = (
				A811BF232955844900E16681 /* Debug */,
				A811BF242955844900E16681 /* Release */,
			);
			defaultConfigurationIsVisible = 0;
			defaultConfigurationName = Release;
		};
/* End XCConfigurationList section */
	};
	rootObject = A811BEF02955844600E16681 /* Project object */;
}
